
Microsoft Visual Studio Solution File, Format Version 12.00
# Visual Studio Version 16
VisualStudioVersion = 16.0.31112.23
MinimumVisualStudioVersion = 10.0.40219.1
Project("{FAE04EC0-301F-11D3-BF4B-00C04F79EFBC}") = "TerrariaChatRelay-Core", "TCR-TerrariaChatRelay\TerrariaChatRelay-Core.csproj", "{3B5DF98F-5B1E-466B-BE21-06EA28044C72}"
EndProject
Project("{FAE04EC0-301F-11D3-BF4B-00C04F79EFBC}") = "TCR-Discord", "TCR-Discord\TCR-Discord.csproj", "{D9BA95FA-F737-4196-A84E-E7B67131537D}"
EndProject
Project("{FAE04EC0-301F-11D3-BF4B-00C04F79EFBC}") = "TCR-TShock", "TCR-TShock\TCR-TShock.csproj", "{0D601774-4485-4AD4-AFE2-1CF32DCEB49C}"
EndProject
Project("{9A19103F-16F7-4668-BE54-9A1E7A4F7556}") = "TCR-TModLoader", "TCR-TModLoader\TerrariaChatRelay\TCR-TModLoader.csproj", "{1ACE160A-BB55-4356-A544-FF1B19C8B671}"
	ProjectSection(ProjectDependencies) = postProject
		{3B5DF98F-5B1E-466B-BE21-06EA28044C72} = {3B5DF98F-5B1E-466B-BE21-06EA28044C72}
		{D9BA95FA-F737-4196-A84E-E7B67131537D} = {D9BA95FA-F737-4196-A84E-E7B67131537D}
	EndProjectSection
EndProject
Global
	GlobalSection(SolutionConfigurationPlatforms) = preSolution
		TModLoader|Any CPU = TModLoader|Any CPU
		TShock|Any CPU = TShock|Any CPU
	EndGlobalSection
	GlobalSection(ProjectConfigurationPlatforms) = postSolution
		{3B5DF98F-5B1E-466B-BE21-06EA28044C72}.TModLoader|Any CPU.ActiveCfg = TModLoader|Any CPU
		{3B5DF98F-5B1E-466B-BE21-06EA28044C72}.TModLoader|Any CPU.Build.0 = TModLoader|Any CPU
		{3B5DF98F-5B1E-466B-BE21-06EA28044C72}.TShock|Any CPU.ActiveCfg = TShock|Any CPU
		{3B5DF98F-5B1E-466B-BE21-06EA28044C72}.TShock|Any CPU.Build.0 = TShock|Any CPU
		{D9BA95FA-F737-4196-A84E-E7B67131537D}.TModLoader|Any CPU.ActiveCfg = TModLoader|Any CPU
		{D9BA95FA-F737-4196-A84E-E7B67131537D}.TModLoader|Any CPU.Build.0 = TModLoader|Any CPU
		{D9BA95FA-F737-4196-A84E-E7B67131537D}.TShock|Any CPU.ActiveCfg = TShock|Any CPU
		{D9BA95FA-F737-4196-A84E-E7B67131537D}.TShock|Any CPU.Build.0 = TShock|Any CPU
		{0D601774-4485-4AD4-AFE2-1CF32DCEB49C}.TModLoader|Any CPU.ActiveCfg = TShock|Any CPU
		{0D601774-4485-4AD4-AFE2-1CF32DCEB49C}.TShock|Any CPU.ActiveCfg = TShock|Any CPU
		{0D601774-4485-4AD4-AFE2-1CF32DCEB49C}.TShock|Any CPU.Build.0 = TShock|Any CPU
		{1ACE160A-BB55-4356-A544-FF1B19C8B671}.TModLoader|Any CPU.ActiveCfg = TModLoader|Any CPU
		{1ACE160A-BB55-4356-A544-FF1B19C8B671}.TModLoader|Any CPU.Build.0 = TModLoader|Any CPU
		{1ACE160A-BB55-4356-A544-FF1B19C8B671}.TShock|Any CPU.ActiveCfg = TModLoader|Any CPU
	EndGlobalSection
	GlobalSection(SolutionProperties) = preSolution
		HideSolutionNode = FALSE
	EndGlobalSection
	GlobalSection(ExtensibilityGlobals) = postSolution
		SolutionGuid = {0D5C1BE9-47D1-4D59-B8CF-DADAF72F05C2}
	EndGlobalSection
EndGlobal
