
Microsoft Visual Studio Solution File, Format Version 12.00
# Visual Studio Version 16
VisualStudioVersion = 16.0.31112.23
MinimumVisualStudioVersion = 10.0.40219.1
Project("{FAE04EC0-301F-11D3-BF4B-00C04F79EFBC}") = "TerrariaChatRelay", "TerrariaChatRelay\TerrariaChatRelay.csproj", "{3B5DF98F-5B1E-466B-BE21-06EA28044C72}"
EndProject
Project("{FAE04EC0-301F-11D3-BF4B-00C04F79EFBC}") = "TCR-Discord", "TCRPlugin-Discord\TCR-Discord.csproj", "{D9BA95FA-F737-4196-A84E-E7B67131537D}"
EndProject
Project("{FAE04EC0-301F-11D3-BF4B-00C04F79EFBC}") = "TCR-TShock", "TerrariaChatRelay-TShock-Adapter\TCR-TShock.csproj", "{0D601774-4485-4AD4-AFE2-1CF32DCEB49C}"
EndProject
Global
	GlobalSection(SolutionConfigurationPlatforms) = preSolution
		Debug|Any CPU = Debug|Any CPU
		Release|Any CPU = Release|Any CPU
	EndGlobalSection
	GlobalSection(ProjectConfigurationPlatforms) = postSolution
		{3B5DF98F-5B1E-466B-BE21-06EA28044C72}.Debug|Any CPU.ActiveCfg = Debug|Any CPU
		{3B5DF98F-5B1E-466B-BE21-06EA28044C72}.Debug|Any CPU.Build.0 = Debug|Any CPU
		{3B5DF98F-5B1E-466B-BE21-06EA28044C72}.Release|Any CPU.ActiveCfg = Release|Any CPU
		{3B5DF98F-5B1E-466B-BE21-06EA28044C72}.Release|Any CPU.Build.0 = Release|Any CPU
		{D9BA95FA-F737-4196-A84E-E7B67131537D}.Debug|Any CPU.ActiveCfg = Debug|Any CPU
		{D9BA95FA-F737-4196-A84E-E7B67131537D}.Debug|Any CPU.Build.0 = Debug|Any CPU
		{D9BA95FA-F737-4196-A84E-E7B67131537D}.Release|Any CPU.ActiveCfg = Release|Any CPU
		{D9BA95FA-F737-4196-A84E-E7B67131537D}.Release|Any CPU.Build.0 = Release|Any CPU
		{0D601774-4485-4AD4-AFE2-1CF32DCEB49C}.Debug|Any CPU.ActiveCfg = Debug|Any CPU
		{0D601774-4485-4AD4-AFE2-1CF32DCEB49C}.Debug|Any CPU.Build.0 = Debug|Any CPU
		{0D601774-4485-4AD4-AFE2-1CF32DCEB49C}.Release|Any CPU.ActiveCfg = Release|Any CPU
		{0D601774-4485-4AD4-AFE2-1CF32DCEB49C}.Release|Any CPU.Build.0 = Release|Any CPU
	EndGlobalSection
	GlobalSection(SolutionProperties) = preSolution
		HideSolutionNode = FALSE
	EndGlobalSection
	GlobalSection(ExtensibilityGlobals) = postSolution
		SolutionGuid = {0D5C1BE9-47D1-4D59-B8CF-DADAF72F05C2}
	EndGlobalSection
EndGlobal
